// !$*UTF8*$!
{
	archiveVersion = 1;
	classes = {
	};
	objectVersion = 50;
	objects = {

/* Begin PBXBuildFile section */
		399C7EAF230DD538005E664C /* AppDelegate.swift in Sources */ = {isa = PBXBuildFile; fileRef = 399C7EAE230DD538005E664C /* AppDelegate.swift */; };
		399C7EB1230DD538005E664C /* ViewController.swift in Sources */ = {isa = PBXBuildFile; fileRef = 399C7EB0230DD538005E664C /* ViewController.swift */; };
		399C7EB4230DD538005E664C /* Main.storyboard in Resources */ = {isa = PBXBuildFile; fileRef = 399C7EB2230DD538005E664C /* Main.storyboard */; };
		399C7EB6230DD538005E664C /* Assets.xcassets in Resources */ = {isa = PBXBuildFile; fileRef = 399C7EB5230DD538005E664C /* Assets.xcassets */; };
		399C7EB9230DD538005E664C /* LaunchScreen.storyboard in Resources */ = {isa = PBXBuildFile; fileRef = 399C7EB7230DD538005E664C /* LaunchScreen.storyboard */; };
		39BB5A94230FEF3D00D77EB6 /* RegisterPageViewController.swift in Sources */ = {isa = PBXBuildFile; fileRef = 39BB5A93230FEF3D00D77EB6 /* RegisterPageViewController.swift */; };
/* End PBXBuildFile section */

/* Begin PBXFileReference section */
		399C7EAB230DD538005E664C /* bigProject.app */ = {isa = PBXFileReference; explicitFileType = wrapper.application; includeInIndex = 0; path = bigProject.app; sourceTree = BUILT_PRODUCTS_DIR; };
		399C7EAE230DD538005E664C /* AppDelegate.swift */ = {isa = PBXFileReference; lastKnownFileType = sourcecode.swift; path = AppDelegate.swift; sourceTree = "<group>"; };
		399C7EB0230DD538005E664C /* ViewController.swift */ = {isa = PBXFileReference; lastKnownFileType = sourcecode.swift; path = ViewController.swift; sourceTree = "<group>"; };
		399C7EB3230DD538005E664C /* Base */ = {isa = PBXFileReference; lastKnownFileType = file.storyboard; name = Base; path = Base.lproj/Main.storyboard; sourceTree = "<group>"; };
		399C7EB5230DD538005E664C /* Assets.xcassets */ = {isa = PBXFileReference; lastKnownFileType = folder.assetcatalog; path = Assets.xcassets; sourceTree = "<group>"; };
		399C7EB8230DD538005E664C /* Base */ = {isa = PBXFileReference; lastKnownFileType = file.storyboard; name = Base; path = Base.lproj/LaunchScreen.storyboard; sourceTree = "<group>"; };
		399C7EBA230DD538005E664C /* Info.plist */ = {isa = PBXFileReference; lastKnownFileType = text.plist.xml; path = Info.plist; sourceTree = "<group>"; };
		399C7EC1230DD5E1005E664C /* SF-Pro-Display-Light.otf */ = {isa = PBXFileReference; lastKnownFileType = file; path = "SF-Pro-Display-Light.otf"; sourceTree = "<group>"; };
		39BB5A93230FEF3D00D77EB6 /* RegisterPageViewController.swift */ = {isa = PBXFileReference; lastKnownFileType = sourcecode.swift; path = RegisterPageViewController.swift; sourceTree = "<group>"; };
/* End PBXFileReference section */

/* Begin PBXFrameworksBuildPhase section */
		399C7EA8230DD538005E664C /* Frameworks */ = {
			isa = PBXFrameworksBuildPhase;
			buildActionMask = 2147483647;
			files = (
			);
			runOnlyForDeploymentPostprocessing = 0;
		};
/* End PBXFrameworksBuildPhase section */

/* Begin PBXGroup section */
		399C7EA2230DD538005E664C = {
			isa = PBXGroup;
			children = (
				399C7EAD230DD538005E664C /* bigProject */,
				399C7EAC230DD538005E664C /* Products */,
				399C7EC1230DD5E1005E664C /* SF-Pro-Display-Light.otf */,
			);
			sourceTree = "<group>";
		};
		399C7EAC230DD538005E664C /* Products */ = {
			isa = PBXGroup;
			children = (
				399C7EAB230DD538005E664C /* bigProject.app */,
			);
			name = Products;
			sourceTree = "<group>";
		};
		399C7EAD230DD538005E664C /* bigProject */ = {
			isa = PBXGroup;
			children = (
				399C7EAE230DD538005E664C /* AppDelegate.swift */,
				399C7EB0230DD538005E664C /* ViewController.swift */,
				39BB5A93230FEF3D00D77EB6 /* RegisterPageViewController.swift */,
				399C7EB2230DD538005E664C /* Main.storyboard */,
				399C7EB5230DD538005E664C /* Assets.xcassets */,
				399C7EB7230DD538005E664C /* LaunchScreen.storyboard */,
				399C7EBA230DD538005E664C /* Info.plist */,
			);
			path = bigProject;
			sourceTree = "<group>";
		};
/* End PBXGroup section */

/* Begin PBXNativeTarget section */
		399C7EAA230DD538005E664C /* bigProject */ = {
			isa = PBXNativeTarget;
			buildConfigurationList = 399C7EBD230DD538005E664C /* Build configuration list for PBXNativeTarget "bigProject" */;
			buildPhases = (
				399C7EA7230DD538005E664C /* Sources */,
				399C7EA8230DD538005E664C /* Frameworks */,
				399C7EA9230DD538005E664C /* Resources */,
			);
			buildRules = (
			);
			dependencies = (
			);
			name = bigProject;
			productName = bigProject;
			productReference = 399C7EAB230DD538005E664C /* bigProject.app */;
			productType = "com.apple.product-type.application";
		};
/* End PBXNativeTarget section */

/* Begin PBXProject section */
		399C7EA3230DD538005E664C /* Project object */ = {
			isa = PBXProject;
			attributes = {
				LastSwiftUpdateCheck = 1030;
				LastUpgradeCheck = 1030;
				ORGANIZATIONNAME = "Cengiz Baygın";
				TargetAttributes = {
					399C7EAA230DD538005E664C = {
						CreatedOnToolsVersion = 10.3;
					};
				};
			};
			buildConfigurationList = 399C7EA6230DD538005E664C /* Build configuration list for PBXProject "bigProject" */;
			compatibilityVersion = "Xcode 9.3";
			developmentRegion = en;
			hasScannedForEncodings = 0;
			knownRegions = (
				en,
				Base,
			);
			mainGroup = 399C7EA2230DD538005E664C;
			productRefGroup = 399C7EAC230DD538005E664C /* Products */;
			projectDirPath = "";
			projectRoot = "";
			targets = (
				399C7EAA230DD538005E664C /* bigProject */,
			);
		};
/* End PBXProject section */

/* Begin PBXResourcesBuildPhase section */
		399C7EA9230DD538005E664C /* Resources */ = {
			isa = PBXResourcesBuildPhase;
			buildActionMask = 2147483647;
			files = (
				399C7EB9230DD538005E664C /* LaunchScreen.storyboard in Resources */,
				399C7EB6230DD538005E664C /* Assets.xcassets in Resources */,
				399C7EB4230DD538005E664C /* Main.storyboard in Resources */,
			);
			runOnlyForDeploymentPostprocessing = 0;
		};
/* End PBXResourcesBuildPhase section */

/* Begin PBXSourcesBuildPhase section */
		399C7EA7230DD538005E664C /* Sources */ = {
			isa = PBXSourcesBuildPhase;
			buildActionMask = 2147483647;
			files = (
				399C7EB1230DD538005E664C /* ViewController.swift in Sources */,
				399C7EAF230DD538005E664C /* AppDelegate.swift in Sources */,
				39BB5A94230FEF3D00D77EB6 /* RegisterPageViewController.swift in Sources */,
			);
			runOnlyForDeploymentPostprocessing = 0;
		};
/* End PBXSourcesBuildPhase section */

/* Begin PBXVariantGroup section */
		399C7EB2230DD538005E664C /* Main.storyboard */ = {
			isa = PBXVariantGroup;
			children = (
				399C7EB3230DD538005E664C /* Base */,
			);
			name = Main.storyboard;
			sourceTree = "<group>";
		};
		399C7EB7230DD538005E664C /* LaunchScreen.storyboard */ = {
			isa = PBXVariantGroup;
			children = (
				399C7EB8230DD538005E664C /* Base */,
			);
			name = LaunchScreen.storyboard;
			sourceTree = "<group>";
		};
/* End PBXVariantGroup section */

/* Begin XCBuildConfiguration section */
		399C7EBB230DD538005E664C /* Debug */ = {
			isa = XCBuildConfiguration;
			buildSettings = {
				ALWAYS_SEARCH_USER_PATHS = NO;
				CLANG_ANALYZER_NONNULL = YES;
				CLANG_ANALYZER_NUMBER_OBJECT_CONVERSION = YES_AGGRESSIVE;
				CLANG_CXX_LANGUAGE_STANDARD = "gnu++14";
				CLANG_CXX_LIBRARY = "libc++";
				CLANG_ENABLE_MODULES = YES;
				CLANG_ENABLE_OBJC_ARC = YES;
				CLANG_ENABLE_OBJC_WEAK = YES;
				CLANG_WARN_BLOCK_CAPTURE_AUTORELEASING = YES;
				CLANG_WARN_BOOL_CONVERSION = YES;
				CLANG_WARN_COMMA = YES;
				CLANG_WARN_CONSTANT_CONVERSION = YES;
				CLANG_WARN_DEPRECATED_OBJC_IMPLEMENTATIONS = YES;
				CLANG_WARN_DIRECT_OBJC_ISA_USAGE = YES_ERROR;
				CLANG_WARN_DOCUMENTATION_COMMENTS = YES;
				CLANG_WARN_EMPTY_BODY = YES;
				CLANG_WARN_ENUM_CONVERSION = YES;
				CLANG_WARN_INFINITE_RECURSION = YES;
				CLANG_WARN_INT_CONVERSION = YES;
				CLANG_WARN_NON_LITERAL_NULL_CONVERSION = YES;
				CLANG_WARN_OBJC_IMPLICIT_RETAIN_SELF = YES;
				CLANG_WARN_OBJC_LITERAL_CONVERSION = YES;
				CLANG_WARN_OBJC_ROOT_CLASS = YES_ERROR;
				CLANG_WARN_RANGE_LOOP_ANALYSIS = YES;
				CLANG_WARN_STRICT_PROTOTYPES = YES;
				CLANG_WARN_SUSPICIOUS_MOVE = YES;
				CLANG_WARN_UNGUARDED_AVAILABILITY = YES_AGGRESSIVE;
				CLANG_WARN_UNREACHABLE_CODE = YES;
				CLANG_WARN__DUPLICATE_METHOD_MATCH = YES;
				CODE_SIGN_IDENTITY = "iPhone Developer";
				COPY_PHASE_STRIP = NO;
				DEBUG_INFORMATION_FORMAT = dwarf;
				ENABLE_STRICT_OBJC_MSGSEND = YES;
				ENABLE_TESTABILITY = YES;
				GCC_C_LANGUAGE_STANDARD = gnu11;
				GCC_DYNAMIC_NO_PIC = NO;
				GCC_NO_COMMON_BLOCKS = YES;
				GCC_OPTIMIZATION_LEVEL = 0;
				GCC_PREPROCESSOR_DEFINITIONS = (
					"DEBUG=1",
					"$(inherited)",
				);
				GCC_WARN_64_TO_32_BIT_CONVERSION = YES;
				GCC_WARN_ABOUT_RETURN_TYPE = YES_ERROR;
				GCC_WARN_UNDECLARED_SELECTOR = YES;
				GCC_WARN_UNINITIALIZED_AUTOS = YES_AGGRESSIVE;
				GCC_WARN_UNUSED_FUNCTION = YES;
				GCC_WARN_UNUSED_VARIABLE = YES;
				IPHONEOS_DEPLOYMENT_TARGET = 12.4;
				MTL_ENABLE_DEBUG_INFO = INCLUDE_SOURCE;
				MTL_FAST_MATH = YES;
				ONLY_ACTIVE_ARCH = YES;
				SDKROOT = iphoneos;
				SWIFT_ACTIVE_COMPILATION_CONDITIONS = DEBUG;
				SWIFT_OPTIMIZATION_LEVEL = "-Onone";
			};
			name = Debug;
		};
		399C7EBC230DD538005E664C /* Release */ = {
			isa = XCBuildConfiguration;
			buildSettings = {
				ALWAYS_SEARCH_USER_PATHS = NO;
				CLANG_ANALYZER_NONNULL = YES;
				CLANG_ANALYZER_NUMBER_OBJECT_CONVERSION = YES_AGGRESSIVE;
				CLANG_CXX_LANGUAGE_STANDARD = "gnu++14";
				CLANG_CXX_LIBRARY = "libc++";
				CLANG_ENABLE_MODULES = YES;
				CLANG_ENABLE_OBJC_ARC = YES;
				CLANG_ENABLE_OBJC_WEAK = YES;
				CLANG_WARN_BLOCK_CAPTURE_AUTORELEASING = YES;
				CLANG_WARN_BOOL_CONVERSION = YES;
				CLANG_WARN_COMMA = YES;
				CLANG_WARN_CONSTANT_CONVERSION = YES;
				CLANG_WARN_DEPRECATED_OBJC_IMPLEMENTATIONS = YES;
				CLANG_WARN_DIRECT_OBJC_ISA_USAGE = YES_ERROR;
				CLANG_WARN_DOCUMENTATION_COMMENTS = YES;
				CLANG_WARN_EMPTY_BODY = YES;
				CLANG_WARN_ENUM_CONVERSION = YES;
				CLANG_WARN_INFINITE_RECURSION = YES;
				CLANG_WARN_INT_CONVERSION = YES;
				CLANG_WARN_NON_LITERAL_NULL_CONVERSION = YES;
				CLANG_WARN_OBJC_IMPLICIT_RETAIN_SELF = YES;
				CLANG_WARN_OBJC_LITERAL_CONVERSION = YES;
				CLANG_WARN_OBJC_ROOT_CLASS = YES_ERROR;
				CLANG_WARN_RANGE_LOOP_ANALYSIS = YES;
				CLANG_WARN_STRICT_PROTOTYPES = YES;
				CLANG_WARN_SUSPICIOUS_MOVE = YES;
				CLANG_WARN_UNGUARDED_AVAILABILITY = YES_AGGRESSIVE;
				CLANG_WARN_UNREACHABLE_CODE = YES;
				CLANG_WARN__DUPLICATE_METHOD_MATCH = YES;
				CODE_SIGN_IDENTITY = "iPhone Developer";
				COPY_PHASE_STRIP = NO;
				DEBUG_INFORMATION_FORMAT = "dwarf-with-dsym";
				ENABLE_NS_ASSERTIONS = NO;
				ENABLE_STRICT_OBJC_MSGSEND = YES;
				GCC_C_LANGUAGE_STANDARD = gnu11;
				GCC_NO_COMMON_BLOCKS = YES;
				GCC_WARN_64_TO_32_BIT_CONVERSION = YES;
				GCC_WARN_ABOUT_RETURN_TYPE = YES_ERROR;
				GCC_WARN_UNDECLARED_SELECTOR = YES;
				GCC_WARN_UNINITIALIZED_AUTOS = YES_AGGRESSIVE;
				GCC_WARN_UNUSED_FUNCTION = YES;
				GCC_WARN_UNUSED_VARIABLE = YES;
				IPHONEOS_DEPLOYMENT_TARGET = 12.4;
				MTL_ENABLE_DEBUG_INFO = NO;
				MTL_FAST_MATH = YES;
				SDKROOT = iphoneos;
				SWIFT_COMPILATION_MODE = wholemodule;
				SWIFT_OPTIMIZATION_LEVEL = "-O";
				VALIDATE_PRODUCT = YES;
			};
			name = Release;
		};
		399C7EBE230DD538005E664C /* Debug */ = {
			isa = XCBuildConfiguration;
			buildSettings = {
				ASSETCATALOG_COMPILER_APPICON_NAME = AppIcon;
				CODE_SIGN_STYLE = Automatic;
				INFOPLIST_FILE = bigProject/Info.plist;
				LD_RUNPATH_SEARCH_PATHS = (
					"$(inherited)",
					"@executable_path/Frameworks",
				);
				PRODUCT_BUNDLE_IDENTIFIER = com.cengizbaygin.bigProject;
				PRODUCT_NAME = "$(TARGET_NAME)";
				SWIFT_VERSION = 5.0;
				TARGETED_DEVICE_FAMILY = "1,2";
			};
			name = Debug;
		};
		399C7EBF230DD538005E664C /* Release */ = {
			isa = XCBuildConfiguration;
			buildSettings = {
				ASSETCATALOG_COMPILER_APPICON_NAME = AppIcon;
				CODE_SIGN_STYLE = Automatic;
				INFOPLIST_FILE = bigProject/Info.plist;
				LD_RUNPATH_SEARCH_PATHS = (
					"$(inherited)",
					"@executable_path/Frameworks",
				);
				PRODUCT_BUNDLE_IDENTIFIER = com.cengizbaygin.bigProject;
				PRODUCT_NAME = "$(TARGET_NAME)";
				SWIFT_VERSION = 5.0;
				TARGETED_DEVICE_FAMILY = "1,2";
			};
			name = Release;
		};
/* End XCBuildConfiguration section */

/* Begin XCConfigurationList section */
		399C7EA6230DD538005E664C /* Build configuration list for PBXProject "bigProject" */ = {
			isa = XCConfigurationList;
			buildConfigurations = (
				399C7EBB230DD538005E664C /* Debug */,
				399C7EBC230DD538005E664C /* Release */,
			);
			defaultConfigurationIsVisible = 0;
			defaultConfigurationName = Release;
		};
		399C7EBD230DD538005E664C /* Build configuration list for PBXNativeTarget "bigProject" */ = {
			isa = XCConfigurationList;
			buildConfigurations = (
				399C7EBE230DD538005E664C /* Debug */,
				399C7EBF230DD538005E664C /* Release */,
			);
			defaultConfigurationIsVisible = 0;
			defaultConfigurationName = Release;
		};
/* End XCConfigurationList section */
	};
	rootObject = 399C7EA3230DD538005E664C /* Project object */;
}
